
Microsoft Visual Studio Solution File, Format Version 12.00
# Visual Studio Version 17
VisualStudioVersion = 17.7.34024.191
MinimumVisualStudioVersion = 10.0.40219.1
Project("{FAE04EC0-301F-11D3-BF4B-00C04F79EFBC}") = "Task", "Task\Task.csproj", "{83F7C353-BD33-45AE-A48D-022CB6A2C79A}"
EndProject
Project("{FAE04EC0-301F-11D3-BF4B-00C04F79EFBC}") = "Task 2", "..\Task 2\Task 2.csproj", "{B8C1BEAB-4EE6-4775-A53C-F443885F6E0B}"
EndProject
Global
	GlobalSection(SolutionConfigurationPlatforms) = preSolution
		Debug|Any CPU = Debug|Any CPU
		Release|Any CPU = Release|Any CPU
	EndGlobalSection
	GlobalSection(ProjectConfigurationPlatforms) = postSolution
		{83F7C353-BD33-45AE-A48D-022CB6A2C79A}.Debug|Any CPU.ActiveCfg = Debug|Any CPU
		{83F7C353-BD33-45AE-A48D-022CB6A2C79A}.Debug|Any CPU.Build.0 = Debug|Any CPU
		{83F7C353-BD33-45AE-A48D-022CB6A2C79A}.Release|Any CPU.ActiveCfg = Release|Any CPU
		{83F7C353-BD33-45AE-A48D-022CB6A2C79A}.Release|Any CPU.Build.0 = Release|Any CPU
		{B8C1BEAB-4EE6-4775-A53C-F443885F6E0B}.Debug|Any CPU.ActiveCfg = Debug|Any CPU
		{B8C1BEAB-4EE6-4775-A53C-F443885F6E0B}.Debug|Any CPU.Build.0 = Debug|Any CPU
		{B8C1BEAB-4EE6-4775-A53C-F443885F6E0B}.Release|Any CPU.ActiveCfg = Release|Any CPU
		{B8C1BEAB-4EE6-4775-A53C-F443885F6E0B}.Release|Any CPU.Build.0 = Release|Any CPU
	EndGlobalSection
	GlobalSection(SolutionProperties) = preSolution
		HideSolutionNode = FALSE
	EndGlobalSection
	GlobalSection(ExtensibilityGlobals) = postSolution
		SolutionGuid = {F1D03717-C80C-4813-B7BD-046119ABF43D}
	EndGlobalSection
EndGlobal
